version: 1
checksums:
  4188a166aad2705b4f09401f924502ed:
    nav/nav-link-1: 341ff316a339b106a178f0b8d362951b
    nav/nav-link-2: 0d17f4d8d660df40b41d82e0171af6ad
    nav/nav-link-3: 68e27e2cc130bd0d219652d583bb860a
    nav/nav-link-4: 359fca35d95853e13ade0c138715b815
    hero/hero-heading: 2b030395a62cabafa7525c8cd248694b
    hero/hero-link: 359fca35d95853e13ade0c138715b815
    pricing/pricing-heading-1: 680c1228bc4b023acee47a10a944b718
    pricing/pricing-paragraph-1: 64a5c53f3f784c48c52328d2af467030
    pricing/pricing-title-1: 0326365539c004f6088656f692602078
    pricing/pricing-description-1: 569fc0a720daf595801af96ebe759bfd
    pricing/pricing-features-1/0: 1342fb69d0b348cca569e4660d178697
    pricing/pricing-features-1/1: 23efe34829339114f9356bde703d4436
    pricing/pricing-features-1/2: 67249d33008a513d32c1069834bb6152
    pricing/pricing-button-text-1: 26293eb32cd86d3df9513e94e44cd8f4
    pricing/pricing-title-2: 31f0731dcc4ad8230d0dd20303dfe53d
    pricing/pricing-period-2: ae7bef950efc406ff0980affabc1a64c
    pricing/pricing-description-2: a18ca40e674baea8db9c7173e43ce19e
    pricing/pricing-features-2/0: 36f53072af221845963854294c39744c
    pricing/pricing-features-2/1: 5bdadcc8807b00c43ff8567c6c04a222
    pricing/pricing-features-2/2: 5b4307bc3ac06efc87f2738992fe4081
    pricing/pricing-features-2/3: f96d376db81521ad5084d6eb52e0de46
    pricing/pricing-features-2/4: b2ff958d0354979bda625ebe213bc8c7
    pricing/pricing-features-2/5: 1df4b20a9e25d1270d0cf21aa1767b83
    pricing/pricing-button-text-2: 1e9788df7828992084ecb9f920d6e75f
    pricing/pricing-title-3: 5328b24179602eb4e554e1758b8c8519
    pricing/pricing-price-3: fd3fa0cef1e0cee91f6070b351335787
    pricing/pricing-period-3: ae7bef950efc406ff0980affabc1a64c
    pricing/pricing-description-3: 79174d695e32635cd08157f4b95c238c
    pricing/pricing-features-3/0: dd966ae8caed9718016dcf482e8dc614
    pricing/pricing-features-3/1: d047446468f4cc15ee64795aa4b2068f
    pricing/pricing-features-3/2: c3b8205a2ea5fb5b16768f412ee7741a
    pricing/pricing-features-3/3: 74b7db58ea9dfbabd56c67758f8902bf
    pricing/pricing-features-3/4: 03846a81f16f5e4a11acfd9445ad497d
    pricing/pricing-button-text-3: 3d875940ec82b6fa4ecd48f95a578fa8
    footer/footer-header-1: 4e5f845a09d417dde0a1310bc9ca4bfe
    footer/footer-header-2: 9e36d11fa82d1bd4563eef2abc4fcfba
    footer/footer-header-3: 00d3f08da61a21887009819cf93fb414
    footer/footer-link-1: 341ff316a339b106a178f0b8d362951b
    footer/footer-link-2: 0d17f4d8d660df40b41d82e0171af6ad
    footer/footer-link-3: 359fca35d95853e13ade0c138715b815
    footer/footer-link-4: c5f658a393f5d8d6e251a0fb5a0de394
    footer/footer-link-5: 944521eeeed2511833d2299931273c71
    footer/footer-link-6: 0c3de148ec7e5f5076feaf91f545eb3a
    footer/footer-link-7: 717686be221d6387db5a07f368338200
    footer/footer-link-8: 9afa39bc47019ee6dec6c74b6273967c
    footer/footer-link-9: 7459744a63ef8af4e517a09024bd7c08
    footer/footer-link-10: 4249ca2f0c88c0460b42bf9cc79104fb
    footer/footer-link-11: 3729dde157adf062b3f07301ae3cd596
    footer/footer-link-12: eeef6c38854924a55abb86805996a1fe
    footer/footer-copyright: 200536f9174306608cc58726d247e28c
